
Microsoft Visual Studio Solution File, Format Version 12.00
# Visual Studio Version 17
VisualStudioVersion = 17.14.36915.13 d17.14
MinimumVisualStudioVersion = 10.0.40219.1
Project("{FAE04EC0-301F-11D3-BF4B-00C04F79EFBC}") = "GameEngine", "GameEngine.csproj", "{85EE8BF4-19FD-444C-94FE-5DB9D3FB3FEC}"
EndProject
Global
	GlobalSection(SolutionConfigurationPlatforms) = preSolution
		Debug|Any CPU = Debug|Any CPU
		Release|Any CPU = Release|Any CPU
	EndGlobalSection
	GlobalSection(ProjectConfigurationPlatforms) = postSolution
		{85EE8BF4-19FD-444C-94FE-5DB9D3FB3FEC}.Debug|Any CPU.ActiveCfg = Debug|Any CPU
		{85EE8BF4-19FD-444C-94FE-5DB9D3FB3FEC}.Debug|Any CPU.Build.0 = Debug|Any CPU
		{85EE8BF4-19FD-444C-94FE-5DB9D3FB3FEC}.Release|Any CPU.ActiveCfg = Release|Any CPU
		{85EE8BF4-19FD-444C-94FE-5DB9D3FB3FEC}.Release|Any CPU.Build.0 = Release|Any CPU
	EndGlobalSection
	GlobalSection(SolutionProperties) = preSolution
		HideSolutionNode = FALSE
	EndGlobalSection
	GlobalSection(ExtensibilityGlobals) = postSolution
		SolutionGuid = {FB3EF350-D893-4A87-BC94-4363888F33BA}
	EndGlobalSection
EndGlobal
